{
    "_readme": [
        "This file locks the dependencies of your project to a known state",
        "Read more about it at https://getcomposer.org/doc/01-basic-usage.md#installing-dependencies",
        "This file is @generated automatically"
    ],
    "content-hash": "885156a31e74b8f70faa825a8d35cd2c",
    "packages": [
        {
            "name": "pear/archive_tar",
            "version": "dev-master",
            "source": {
                "type": "git",
                "url": "https://github.com/pear/Archive_Tar.git",
                "reference": "57b7a7df11f9176500768a2aabd63d0d0d9df3d5"
            },
            "dist": {
                "type": "zip",
                "url": "https://api.github.com/repos/pear/Archive_Tar/zipball/57b7a7df11f9176500768a2aabd63d0d0d9df3d5",
                "reference": "57b7a7df11f9176500768a2aabd63d0d0d9df3d5",
                "shasum": ""
            },
            "require": {
                "pear/pear-core-minimal": "^1.10.0alpha2",
                "php": ">=5.2.0"
            },
            "require-dev": {
                "phpunit/phpunit": "*"
            },
            "suggest": {
                "ext-bz2": "Bz2 compression support.",
                "ext-xz": "Lzma2 compression support.",
                "ext-zlib": "Gzip compression support."
            },
            "type": "library",
            "extra": {
                "branch-alias": {
                    "dev-master": "1.4.x-dev"
                }
            },
            "autoload": {
                "psr-0": {
                    "Archive_Tar": ""
                }
            },
            "notification-url": "https://packagist.org/downloads/",
            "include-path": [
                "./"
            ],
            "license": [
                "BSD-3-Clause"
            ],
            "authors": [
                {
                    "name": "Vincent Blavet",
                    "email": "vincent@phpconcept.net"
                },
                {
                    "name": "Greg Beaver",
                    "email": "greg@chiaraquartet.net"
                },
                {
                    "name": "Michiel Rook",
                    "email": "mrook@php.net"
                }
            ],
            "description": "Tar file management class with compression support (gzip, bzip2, lzma2)",
            "homepage": "https://github.com/pear/Archive_Tar",
            "keywords": [
                "archive",
                "tar"
            ],
            "time": "2018-08-29T18:13:06+00:00"
        },
        {
            "name": "pear/console_getopt",
            "version": "dev-master",
            "source": {
                "type": "git",
                "url": "https://github.com/pear/Console_Getopt.git",
                "reference": "d6c23f131de6a0a220263a14890a497c7e5bce9d"
            },
            "dist": {
                "type": "zip",
                "url": "https://api.github.com/repos/pear/Console_Getopt/zipball/d6c23f131de6a0a220263a14890a497c7e5bce9d",
                "reference": "d6c23f131de6a0a220263a14890a497c7e5bce9d",
                "shasum": ""
            },
            "type": "library",
            "autoload": {
                "psr-0": {
                    "Console": "./"
                }
            },
            "notification-url": "https://packagist.org/downloads/",
            "include-path": [
                "./"
            ],
            "license": [
                "BSD-2-Clause"
            ],
            "authors": [
                {
                    "name": "Greg Beaver",
                    "email": "cellog@php.net",
                    "role": "Helper"
                },
                {
                    "name": "Andrei Zmievski",
                    "email": "andrei@php.net",
                    "role": "Lead"
                },
                {
                    "name": "Stig Bakken",
                    "email": "stig@php.net",
                    "role": "Developer"
                }
            ],
            "description": "More info available on: http://pear.php.net/package/Console_Getopt",
            "time": "2015-11-04T12:44:37+00:00"
        },
        {
            "name": "pear/file_archive",
            "version": "dev-master",
            "source": {
                "type": "git",
                "url": "https://github.com/pear/File_Archive.git",
                "reference": "95fafec3ec1e683d622be0170561a0b7dda402a3"
            },
            "dist": {
                "type": "zip",
                "url": "https://api.github.com/repos/pear/File_Archive/zipball/95fafec3ec1e683d622be0170561a0b7dda402a3",
                "reference": "95fafec3ec1e683d622be0170561a0b7dda402a3",
                "shasum": ""
            },
            "require": {
                "pear/mime_type": "*",
                "pear/pear_exception": "*"
            },
            "require-dev": {
                "phpunit/phpunit": "*"
            },
            "suggest": {
                "pear/mail_mime": "Install optionally via your project's composer.json"
            },
            "type": "library",
            "autoload": {
                "psr-0": {
                    "File": "./"
                }
            },
            "include-path": [
                "./"
            ],
            "license": [
                "LGPL"
            ],
            "authors": [
                {
                    "email": "vincent.lascaux@centraliens.net",
                    "name": "Vincent Lascaux",
                    "role": "Lead"
                },
                {
                    "email": "charles.fmj@gmail.com",
                    "name": "Charles Brunet",
                    "role": "Lead"
                },
                {
                    "email": "pablo@pablo.com.mx",
                    "name": "Pablo Fischer",
                    "role": "Developer"
                }
            ],
            "description": "More info available on: http://pear.php.net/package/File_Archive",
            "support": {
                "issues": "http://pear.php.net/bugs/search.php?cmd=display&package_name[]=File_Archive",
                "source": "https://github.com/pear/File_Archive"
            },
            "time": "2014-02-20T19:26:42+00:00"
        },
        {
            "name": "pear/mime_type",
            "version": "dev-master",
            "source": {
                "type": "git",
                "url": "https://github.com/pear/MIME_Type.git",
                "reference": "395fd154e486327120c9f8f915bfbde15bf07dc1"
            },
            "dist": {
                "type": "zip",
                "url": "https://api.github.com/repos/pear/MIME_Type/zipball/395fd154e486327120c9f8f915bfbde15bf07dc1",
                "reference": "395fd154e486327120c9f8f915bfbde15bf07dc1",
                "shasum": ""
            },
            "require": {
                "pear/pear-core-minimal": "^1.9.5"
            },
            "require-dev": {
                "phpunit/phpunit": "*"
            },
            "suggest": {
                "pear/system_command": "Install optionally via your project's composer.json"
            },
            "type": "library",
            "autoload": {
                "psr-0": {
                    "MIME": "./"
                }
            },
            "notification-url": "https://packagist.org/downloads/",
            "include-path": [
                "./"
            ],
            "license": [
                "LGPL-2.1-or-later"
            ],
            "authors": [
                {
                    "name": "Ian Eure",
                    "email": "ieure@php.net",
                    "role": "Lead"
                },
                {
                    "name": "Christian Weiske",
                    "email": "cweiske@php.net",
                    "role": "Developer"
                }
            ],
            "description": "Detect the MIME Type of a file",
            "homepage": "http://pear.php.net/package/MIME_Type",
            "time": "2018-01-30T22:07:30+00:00"
        },
        {
            "name": "pear/pear",
            "version": "v1.10.6",
            "source": {
                "type": "git",
                "url": "https://github.com/pear/pear-core.git",
                "reference": "9633d937d95fcc958f64305fbf9a490133c23ef8"
            },
            "dist": {
                "type": "zip",
                "url": "https://api.github.com/repos/pear/pear-core/zipball/9633d937d95fcc958f64305fbf9a490133c23ef8",
                "reference": "9633d937d95fcc958f64305fbf9a490133c23ef8",
                "shasum": ""
            },
            "require": {
                "ext-pcre": "*",
                "ext-xml": "*",
                "pear/archive_tar": "*",
                "pear/console_getopt": "*",
                "pear/structures_graph": "*",
                "pear/xml_util": "*"
            },
            "replace": {
                "pear/pear-core-minimal": "*"
            },
            "require-dev": {
                "phpunit/phpunit": "*"
            },
            "suggest": {
                "pear/pear_frontend_gtk": "For GTK support",
                "pear/pear_frontend_web": "For Web support"
            },
            "type": "library",
            "autoload": {
                "classmap": [
                    "./"
                ]
            },
            "notification-url": "https://packagist.org/downloads/",
            "include-path": [
                "./"
            ],
            "license": [
                "BSD-2-Clause"
            ],
            "authors": [
                {
                    "name": "Helgi Thormar",
                    "email": "dufuz@php.net",
                    "role": "Lead"
                },
                {
                    "name": "Martin Jansen",
                    "email": "mj@php.net",
                    "role": "Helper"
                },
                {
                    "name": "Stig Bakken",
                    "email": "stig@php.net",
                    "role": "Lead"
                },
                {
                    "name": "Pierre-Alain Joye",
                    "email": "pierre@php.net",
                    "role": "Lead"
                },
                {
                    "name": "Tias Guns",
                    "email": "tias@php.net",
                    "role": "Developer"
                },
                {
                    "name": "Tim Jackson",
                    "email": "timj@php.net",
                    "role": "Helper"
                },
                {
                    "name": "Bertrand Gugger",
                    "email": "toggg@php.net",
                    "role": "Helper"
                },
                {
                    "name": "Greg Beaver",
                    "email": "cellog@php.net",
                    "role": "Lead"
                },
                {
                    "name": "Tomas V.V.Cox",
                    "email": "cox@idecnet.com",
                    "role": "Lead"
                }
            ],
            "description": "This is the definitive source of PEAR's core files.",
            "time": "2018-08-22T18:24:14+00:00"
        },
        {
            "name": "pear/pear_exception",
            "version": "dev-master",
            "source": {
                "type": "git",
                "url": "https://github.com/pear/PEAR_Exception.git",
                "reference": "8c18719fdae000b690e3912be401c76e406dd13b"
            },
            "dist": {
                "type": "zip",
                "url": "https://api.github.com/repos/pear/PEAR_Exception/zipball/8c18719fdae000b690e3912be401c76e406dd13b",
                "reference": "8c18719fdae000b690e3912be401c76e406dd13b",
                "shasum": ""
            },
            "require": {
                "php": ">=4.4.0"
            },
            "require-dev": {
                "phpunit/phpunit": "*"
            },
            "type": "class",
            "extra": {
                "branch-alias": {
                    "dev-master": "1.0.x-dev"
                }
            },
            "autoload": {
                "psr-0": {
                    "PEAR": ""
                }
            },
            "notification-url": "https://packagist.org/downloads/",
            "include-path": [
                "."
            ],
            "license": [
                "BSD-2-Clause"
            ],
            "authors": [
                {
                    "name": "Helgi Thormar",
                    "email": "dufuz@php.net"
                },
                {
                    "name": "Greg Beaver",
                    "email": "cellog@php.net"
                }
            ],
            "description": "The PEAR Exception base class.",
            "homepage": "https://github.com/pear/PEAR_Exception",
            "keywords": [
                "exception"
            ],
            "time": "2015-02-10T20:07:52+00:00"
        },
        {
            "name": "pear/structures_graph",
            "version": "dev-trunk",
            "source": {
                "type": "git",
                "url": "https://github.com/pear/Structures_Graph.git",
                "reference": "4d078fedd2eebfdf1775abfa52701f774aca9e89"
            },
            "dist": {
                "type": "zip",
                "url": "https://api.github.com/repos/pear/Structures_Graph/zipball/4d078fedd2eebfdf1775abfa52701f774aca9e89",
                "reference": "4d078fedd2eebfdf1775abfa52701f774aca9e89",
                "shasum": ""
            },
            "type": "library",
            "autoload": {
                "psr-0": {
                    "Structures": "./"
                }
            },
            "notification-url": "https://packagist.org/downloads/",
            "include-path": [
                "./"
            ],
            "license": [
                "PHP-3.01"
            ],
            "authors": [
                {
                    "name": "Sérgio Carvalho",
                    "email": "sergiosgc@gmail.com",
                    "role": "Lead"
                }
            ],
            "description": "More info available on: http://pear.php.net/package/Structures_Graph",
            "time": "2018-01-27T14:09:13+00:00"
        },
        {
            "name": "pear/xml_util",
            "version": "dev-master",
            "source": {
                "type": "git",
                "url": "https://github.com/pear/XML_Util.git",
                "reference": "c74278d925be9c2f7d39955cdce45d8275571a1d"
            },
            "dist": {
                "type": "zip",
                "url": "https://api.github.com/repos/pear/XML_Util/zipball/c74278d925be9c2f7d39955cdce45d8275571a1d",
                "reference": "c74278d925be9c2f7d39955cdce45d8275571a1d",
                "shasum": ""
            },
            "require": {
                "pear/pear-core-minimal": "^1.10.1",
                "php": ">=5.4"
            },
            "require-dev": {
                "phpunit/phpunit": "@stable"
            },
            "type": "library",
            "autoload": {
                "psr-0": {
                    "XML_Util": "./"
                }
            },
            "notification-url": "https://packagist.org/downloads/",
            "include-path": [
                "./"
            ],
            "license": [
                "BSD-3-Clause"
            ],
            "authors": [
                {
                    "name": "Stephan Schmidt",
                    "email": "schst@php-tools.net",
                    "role": "Lead"
                },
                {
                    "name": "Chuck Burgess",
                    "email": "ashnazg@php.net",
                    "role": "Lead"
                },
                {
                    "name": "Davey Shafik",
                    "email": "davey@php.net",
                    "role": "Helper"
                }
            ],
            "description": "Methods to work with XML documents",
            "homepage": "http://pear.php.net/package/XML_Util",
            "time": "2017-06-28T19:21:19+00:00"
        },
        {
            "name": "tecnickcom/tcpdf",
            "version": "dev-master",
            "source": {
                "type": "git",
                "url": "https://github.com/tecnickcom/TCPDF.git",
                "reference": "a5135e2cf02f8c935b71e9e7d676f0f1d31b1b9d"
            },
            "dist": {
                "type": "zip",
                "url": "https://api.github.com/repos/tecnickcom/TCPDF/zipball/a5135e2cf02f8c935b71e9e7d676f0f1d31b1b9d",
                "reference": "a5135e2cf02f8c935b71e9e7d676f0f1d31b1b9d",
                "shasum": ""
            },
            "require": {
                "php": ">=5.3.0"
            },
            "type": "library",
            "autoload": {
                "classmap": [
                    "config",
                    "include",
                    "tcpdf.php",
                    "tcpdf_parser.php",
                    "tcpdf_import.php",
                    "tcpdf_barcodes_1d.php",
                    "tcpdf_barcodes_2d.php",
                    "include/tcpdf_colors.php",
                    "include/tcpdf_filters.php",
                    "include/tcpdf_font_data.php",
                    "include/tcpdf_fonts.php",
                    "include/tcpdf_images.php",
                    "include/tcpdf_static.php",
                    "include/barcodes/datamatrix.php",
                    "include/barcodes/pdf417.php",
                    "include/barcodes/qrcode.php"
                ]
            },
            "notification-url": "https://packagist.org/downloads/",
            "license": [
                "LGPL-3.0"
            ],
            "authors": [
                {
                    "name": "Nicola Asuni",
                    "email": "info@tecnick.com",
                    "role": "lead"
                }
            ],
            "description": "TCPDF is a PHP class for generating PDF documents and barcodes.",
            "homepage": "http://www.tcpdf.org/",
            "keywords": [
                "PDFD32000-2008",
                "TCPDF",
                "barcodes",
                "datamatrix",
                "pdf",
                "pdf417",
                "qrcode"
            ],
            "time": "2018-09-23T07:52:24+00:00"
        }
    ],
    "packages-dev": [],
    "aliases": [],
    "minimum-stability": "dev",
    "stability-flags": {
        "pear/file_archive": 20,
        "tecnickcom/tcpdf": 20
    },
    "prefer-stable": false,
    "prefer-lowest": false,
    "platform": [],
    "platform-dev": []
}
