{
    "_readme": [
        "This file locks the dependencies of your project to a known state",
        "Read more about it at https://getcomposer.org/doc/01-basic-usage.md#installing-dependencies",
        "This file is @generated automatically"
    ],
    "content-hash": "69d1f7596caa5ae3f7c883e551be5a46",
    "packages": [
        {
            "name": "pear/console_getopt",
            "version": "v1.4.3",
            "source": {
                "type": "git",
                "url": "https://github.com/pear/Console_Getopt.git",
                "reference": "a41f8d3e668987609178c7c4a9fe48fecac53fa0"
            },
            "dist": {
                "type": "zip",
                "url": "https://api.github.com/repos/pear/Console_Getopt/zipball/a41f8d3e668987609178c7c4a9fe48fecac53fa0",
                "reference": "a41f8d3e668987609178c7c4a9fe48fecac53fa0",
                "shasum": ""
            },
            "type": "library",
            "autoload": {
                "psr-0": {
                    "Console": "./"
                }
            },
            "notification-url": "https://packagist.org/downloads/",
            "include-path": [
                "./"
            ],
            "license": [
                "BSD-2-Clause"
            ],
            "authors": [
                {
                    "name": "Andrei Zmievski",
                    "email": "andrei@php.net",
                    "role": "Lead"
                },
                {
                    "name": "Stig Bakken",
                    "email": "stig@php.net",
                    "role": "Developer"
                },
                {
                    "name": "Greg Beaver",
                    "email": "cellog@php.net",
                    "role": "Helper"
                }
            ],
            "description": "More info available on: http://pear.php.net/package/Console_Getopt",
            "support": {
                "issues": "http://pear.php.net/bugs/search.php?cmd=display&package_name[]=Console_Getopt",
                "source": "https://github.com/pear/Console_Getopt"
            },
            "time": "2019-11-20T18:27:48+00:00"
        },
        {
            "name": "pear/file_archive",
            "version": "dev-master",
            "source": {
                "type": "git",
                "url": "https://github.com/pear/File_Archive.git",
                "reference": "95fafec3ec1e683d622be0170561a0b7dda402a3"
            },
            "dist": {
                "type": "zip",
                "url": "https://api.github.com/repos/pear/File_Archive/zipball/95fafec3ec1e683d622be0170561a0b7dda402a3",
                "reference": "95fafec3ec1e683d622be0170561a0b7dda402a3",
                "shasum": ""
            },
            "require": {
                "pear/mime_type": "*",
                "pear/pear_exception": "*"
            },
            "require-dev": {
                "phpunit/phpunit": "*"
            },
            "suggest": {
                "pear/mail_mime": "Install optionally via your project's composer.json"
            },
            "default-branch": true,
            "type": "library",
            "autoload": {
                "psr-0": {
                    "File": "./"
                }
            },
            "include-path": [
                "./"
            ],
            "license": [
                "LGPL"
            ],
            "authors": [
                {
                    "email": "vincent.lascaux@centraliens.net",
                    "name": "Vincent Lascaux",
                    "role": "Lead"
                },
                {
                    "email": "charles.fmj@gmail.com",
                    "name": "Charles Brunet",
                    "role": "Lead"
                },
                {
                    "email": "pablo@pablo.com.mx",
                    "name": "Pablo Fischer",
                    "role": "Developer"
                }
            ],
            "description": "More info available on: http://pear.php.net/package/File_Archive",
            "support": {
                "issues": "http://pear.php.net/bugs/search.php?cmd=display&package_name[]=File_Archive",
                "source": "https://github.com/pear/File_Archive"
            },
            "time": "2014-02-20T19:26:42+00:00"
        },
        {
            "name": "pear/mime_type",
            "version": "dev-master",
            "source": {
                "type": "git",
                "url": "https://github.com/pear/MIME_Type.git",
                "reference": "395fd154e486327120c9f8f915bfbde15bf07dc1"
            },
            "dist": {
                "type": "zip",
                "url": "https://api.github.com/repos/pear/MIME_Type/zipball/395fd154e486327120c9f8f915bfbde15bf07dc1",
                "reference": "395fd154e486327120c9f8f915bfbde15bf07dc1",
                "shasum": ""
            },
            "require": {
                "pear/pear-core-minimal": "^1.9.5"
            },
            "require-dev": {
                "phpunit/phpunit": "*"
            },
            "suggest": {
                "pear/system_command": "Install optionally via your project's composer.json"
            },
            "default-branch": true,
            "type": "library",
            "autoload": {
                "psr-0": {
                    "MIME": "./"
                }
            },
            "notification-url": "https://packagist.org/downloads/",
            "include-path": [
                "./"
            ],
            "license": [
                "LGPL-2.1-or-later"
            ],
            "authors": [
                {
                    "name": "Ian Eure",
                    "email": "ieure@php.net",
                    "role": "Lead"
                },
                {
                    "name": "Christian Weiske",
                    "email": "cweiske@php.net",
                    "role": "Developer"
                }
            ],
            "description": "Detect the MIME Type of a file",
            "homepage": "http://pear.php.net/package/MIME_Type",
            "support": {
                "issues": "http://pear.php.net/bugs/search.php?cmd=display&package_name[]=MIME_Type",
                "source": "https://github.com/pear/MIME_Type"
            },
            "time": "2018-01-30T22:07:30+00:00"
        },
        {
            "name": "pear/pear-core-minimal",
            "version": "v1.10.11",
            "source": {
                "type": "git",
                "url": "https://github.com/pear/pear-core-minimal.git",
                "reference": "68d0d32ada737153b7e93b8d3c710ebe70ac867d"
            },
            "dist": {
                "type": "zip",
                "url": "https://api.github.com/repos/pear/pear-core-minimal/zipball/68d0d32ada737153b7e93b8d3c710ebe70ac867d",
                "reference": "68d0d32ada737153b7e93b8d3c710ebe70ac867d",
                "shasum": ""
            },
            "require": {
                "pear/console_getopt": "~1.4",
                "pear/pear_exception": "~1.0"
            },
            "replace": {
                "rsky/pear-core-min": "self.version"
            },
            "type": "library",
            "autoload": {
                "psr-0": {
                    "": "src/"
                }
            },
            "notification-url": "https://packagist.org/downloads/",
            "include-path": [
                "src/"
            ],
            "license": [
                "BSD-3-Clause"
            ],
            "authors": [
                {
                    "name": "Christian Weiske",
                    "email": "cweiske@php.net",
                    "role": "Lead"
                }
            ],
            "description": "Minimal set of PEAR core files to be used as composer dependency",
            "support": {
                "issues": "http://pear.php.net/bugs/search.php?cmd=display&package_name[]=PEAR",
                "source": "https://github.com/pear/pear-core-minimal"
            },
            "time": "2021-08-10T22:31:03+00:00"
        },
        {
            "name": "pear/pear_exception",
            "version": "dev-master",
            "source": {
                "type": "git",
                "url": "https://github.com/pear/PEAR_Exception.git",
                "reference": "76631ea7fa66755900beb615e3b7b1ee54cf1c99"
            },
            "dist": {
                "type": "zip",
                "url": "https://api.github.com/repos/pear/PEAR_Exception/zipball/76631ea7fa66755900beb615e3b7b1ee54cf1c99",
                "reference": "76631ea7fa66755900beb615e3b7b1ee54cf1c99",
                "shasum": ""
            },
            "require": {
                "php": ">=5.2.0"
            },
            "require-dev": {
                "phpunit/phpunit": "<9"
            },
            "default-branch": true,
            "type": "class",
            "extra": {
                "branch-alias": {
                    "dev-master": "1.0.x-dev"
                }
            },
            "autoload": {
                "classmap": [
                    "PEAR/"
                ]
            },
            "notification-url": "https://packagist.org/downloads/",
            "include-path": [
                "."
            ],
            "license": [
                "BSD-2-Clause"
            ],
            "authors": [
                {
                    "name": "Helgi Thormar",
                    "email": "dufuz@php.net"
                },
                {
                    "name": "Greg Beaver",
                    "email": "cellog@php.net"
                }
            ],
            "description": "The PEAR Exception base class.",
            "homepage": "https://github.com/pear/PEAR_Exception",
            "keywords": [
                "exception"
            ],
            "support": {
                "issues": "https://pear.php.net/bugs/search.php?cmd=display&package_name%5B%5D=PEAR_Exception",
                "source": "https://github.com/pear/PEAR_Exception"
            },
            "time": "2022-03-27T11:31:16+00:00"
        },
        {
            "name": "tecnickcom/tcpdf",
            "version": "6.5.0",
            "source": {
                "type": "git",
                "url": "https://github.com/tecnickcom/TCPDF.git",
                "reference": "cc54c1503685e618b23922f53635f46e87653662"
            },
            "dist": {
                "type": "zip",
                "url": "https://api.github.com/repos/tecnickcom/TCPDF/zipball/cc54c1503685e618b23922f53635f46e87653662",
                "reference": "cc54c1503685e618b23922f53635f46e87653662",
                "shasum": ""
            },
            "require": {
                "php": ">=5.3.0"
            },
            "type": "library",
            "autoload": {
                "classmap": [
                    "config",
                    "include",
                    "tcpdf.php",
                    "tcpdf_parser.php",
                    "tcpdf_import.php",
                    "tcpdf_barcodes_1d.php",
                    "tcpdf_barcodes_2d.php",
                    "include/tcpdf_colors.php",
                    "include/tcpdf_filters.php",
                    "include/tcpdf_font_data.php",
                    "include/tcpdf_fonts.php",
                    "include/tcpdf_images.php",
                    "include/tcpdf_static.php",
                    "include/barcodes/datamatrix.php",
                    "include/barcodes/pdf417.php",
                    "include/barcodes/qrcode.php"
                ]
            },
            "notification-url": "https://packagist.org/downloads/",
            "license": [
                "LGPL-3.0-only"
            ],
            "authors": [
                {
                    "name": "Nicola Asuni",
                    "email": "info@tecnick.com",
                    "role": "lead"
                }
            ],
            "description": "TCPDF is a PHP class for generating PDF documents and barcodes.",
            "homepage": "http://www.tcpdf.org/",
            "keywords": [
                "PDFD32000-2008",
                "TCPDF",
                "barcodes",
                "datamatrix",
                "pdf",
                "pdf417",
                "qrcode"
            ],
            "support": {
                "issues": "https://github.com/tecnickcom/TCPDF/issues",
                "source": "https://github.com/tecnickcom/TCPDF/tree/6.5.0"
            },
            "funding": [
                {
                    "url": "https://www.paypal.com/cgi-bin/webscr?cmd=_donations&currency_code=GBP&business=paypal@tecnick.com&item_name=donation%20for%20tcpdf%20project",
                    "type": "custom"
                }
            ],
            "time": "2022-08-12T07:50:54+00:00"
        }
    ],
    "packages-dev": [],
    "aliases": [],
    "minimum-stability": "dev",
    "stability-flags": {
        "pear/file_archive": 20
    },
    "prefer-stable": false,
    "prefer-lowest": false,
    "platform": [],
    "platform-dev": [],
    "plugin-api-version": "2.3.0"
}
